
Microsoft Visual Studio Solution File, Format Version 12.00
# Visual Studio Version 16
VisualStudioVersion = 16.0.31515.178
MinimumVisualStudioVersion = 10.0.40219.1
Project("{FAE04EC0-301F-11D3-BF4B-00C04F79EFBC}") = "TestwithGit", "TestwithGit.csproj", "{4663CD89-7B55-4B8E-9BF7-1C74647297C3}"
EndProject
Global
	GlobalSection(SolutionConfigurationPlatforms) = preSolution
		Debug|Any CPU = Debug|Any CPU
		Release|Any CPU = Release|Any CPU
	EndGlobalSection
	GlobalSection(ProjectConfigurationPlatforms) = postSolution
		{4663CD89-7B55-4B8E-9BF7-1C74647297C3}.Debug|Any CPU.ActiveCfg = Debug|Any CPU
		{4663CD89-7B55-4B8E-9BF7-1C74647297C3}.Debug|Any CPU.Build.0 = Debug|Any CPU
		{4663CD89-7B55-4B8E-9BF7-1C74647297C3}.Release|Any CPU.ActiveCfg = Release|Any CPU
		{4663CD89-7B55-4B8E-9BF7-1C74647297C3}.Release|Any CPU.Build.0 = Release|Any CPU
	EndGlobalSection
	GlobalSection(SolutionProperties) = preSolution
		HideSolutionNode = FALSE
	EndGlobalSection
	GlobalSection(ExtensibilityGlobals) = postSolution
		SolutionGuid = {0956AF97-EC22-47B4-BB34-1448E7C7040D}
	EndGlobalSection
EndGlobal
